
Microsoft Visual Studio Solution File, Format Version 12.00
# Visual Studio Version 16
VisualStudioVersion = 16.0.29318.209
MinimumVisualStudioVersion = 10.0.40219.1
Project("{8BC9CEB8-8B4A-11D0-8D11-00A0C91BC942}") = "栈的链式存储", "栈的链式存储.vcxproj", "{33C21461-7F98-484D-81E8-686C0344D2FD}"
EndProject
Global
	GlobalSection(SolutionConfigurationPlatforms) = preSolution
		Debug|x64 = Debug|x64
		Debug|x86 = Debug|x86
		Release|x64 = Release|x64
		Release|x86 = Release|x86
	EndGlobalSection
	GlobalSection(ProjectConfigurationPlatforms) = postSolution
		{33C21461-7F98-484D-81E8-686C0344D2FD}.Debug|x64.ActiveCfg = Debug|x64
		{33C21461-7F98-484D-81E8-686C0344D2FD}.Debug|x64.Build.0 = Debug|x64
		{33C21461-7F98-484D-81E8-686C0344D2FD}.Debug|x86.ActiveCfg = Debug|Win32
		{33C21461-7F98-484D-81E8-686C0344D2FD}.Debug|x86.Build.0 = Debug|Win32
		{33C21461-7F98-484D-81E8-686C0344D2FD}.Release|x64.ActiveCfg = Release|x64
		{33C21461-7F98-484D-81E8-686C0344D2FD}.Release|x64.Build.0 = Release|x64
		{33C21461-7F98-484D-81E8-686C0344D2FD}.Release|x86.ActiveCfg = Release|Win32
		{33C21461-7F98-484D-81E8-686C0344D2FD}.Release|x86.Build.0 = Release|Win32
	EndGlobalSection
	GlobalSection(SolutionProperties) = preSolution
		HideSolutionNode = FALSE
	EndGlobalSection
	GlobalSection(ExtensibilityGlobals) = postSolution
		SolutionGuid = {6121BA3F-D060-4727-AC24-E2F0F267510A}
	EndGlobalSection
EndGlobal
