
Microsoft Visual Studio Solution File, Format Version 12.00
# Visual Studio Version 16
VisualStudioVersion = 16.0.29318.209
MinimumVisualStudioVersion = 10.0.40219.1
Project("{8BC9CEB8-8B4A-11D0-8D11-00A0C91BC942}") = "多态原理解析", "多态原理解析\多态原理解析.vcxproj", "{BAF57DA3-0B0E-4774-B0EE-903F9E771BE8}"
EndProject
Global
	GlobalSection(SolutionConfigurationPlatforms) = preSolution
		Debug|x64 = Debug|x64
		Debug|x86 = Debug|x86
		Release|x64 = Release|x64
		Release|x86 = Release|x86
	EndGlobalSection
	GlobalSection(ProjectConfigurationPlatforms) = postSolution
		{BAF57DA3-0B0E-4774-B0EE-903F9E771BE8}.Debug|x64.ActiveCfg = Debug|x64
		{BAF57DA3-0B0E-4774-B0EE-903F9E771BE8}.Debug|x64.Build.0 = Debug|x64
		{BAF57DA3-0B0E-4774-B0EE-903F9E771BE8}.Debug|x86.ActiveCfg = Debug|Win32
		{BAF57DA3-0B0E-4774-B0EE-903F9E771BE8}.Debug|x86.Build.0 = Debug|Win32
		{BAF57DA3-0B0E-4774-B0EE-903F9E771BE8}.Release|x64.ActiveCfg = Release|x64
		{BAF57DA3-0B0E-4774-B0EE-903F9E771BE8}.Release|x64.Build.0 = Release|x64
		{BAF57DA3-0B0E-4774-B0EE-903F9E771BE8}.Release|x86.ActiveCfg = Release|Win32
		{BAF57DA3-0B0E-4774-B0EE-903F9E771BE8}.Release|x86.Build.0 = Release|Win32
	EndGlobalSection
	GlobalSection(SolutionProperties) = preSolution
		HideSolutionNode = FALSE
	EndGlobalSection
	GlobalSection(ExtensibilityGlobals) = postSolution
		SolutionGuid = {7B4A5AC9-A74E-499C-AD6E-15D0F876D96B}
	EndGlobalSection
EndGlobal
