
Microsoft Visual Studio Solution File, Format Version 12.00
# Visual Studio Version 16
VisualStudioVersion = 16.0.29318.209
MinimumVisualStudioVersion = 10.0.40219.1
Project("{8BC9CEB8-8B4A-11D0-8D11-00A0C91BC942}") = "继承中的静态成员特性", "继承中的静态成员特性\继承中的静态成员特性.vcxproj", "{0D2E3E61-ED5A-4DA7-AFB2-2267AAFAF761}"
EndProject
Global
	GlobalSection(SolutionConfigurationPlatforms) = preSolution
		Debug|x64 = Debug|x64
		Debug|x86 = Debug|x86
		Release|x64 = Release|x64
		Release|x86 = Release|x86
	EndGlobalSection
	GlobalSection(ProjectConfigurationPlatforms) = postSolution
		{0D2E3E61-ED5A-4DA7-AFB2-2267AAFAF761}.Debug|x64.ActiveCfg = Debug|x64
		{0D2E3E61-ED5A-4DA7-AFB2-2267AAFAF761}.Debug|x64.Build.0 = Debug|x64
		{0D2E3E61-ED5A-4DA7-AFB2-2267AAFAF761}.Debug|x86.ActiveCfg = Debug|Win32
		{0D2E3E61-ED5A-4DA7-AFB2-2267AAFAF761}.Debug|x86.Build.0 = Debug|Win32
		{0D2E3E61-ED5A-4DA7-AFB2-2267AAFAF761}.Release|x64.ActiveCfg = Release|x64
		{0D2E3E61-ED5A-4DA7-AFB2-2267AAFAF761}.Release|x64.Build.0 = Release|x64
		{0D2E3E61-ED5A-4DA7-AFB2-2267AAFAF761}.Release|x86.ActiveCfg = Release|Win32
		{0D2E3E61-ED5A-4DA7-AFB2-2267AAFAF761}.Release|x86.Build.0 = Release|Win32
	EndGlobalSection
	GlobalSection(SolutionProperties) = preSolution
		HideSolutionNode = FALSE
	EndGlobalSection
	GlobalSection(ExtensibilityGlobals) = postSolution
		SolutionGuid = {5B4D47D6-30BD-41EE-86C8-CD102976ED2E}
	EndGlobalSection
EndGlobal
